
Microsoft Visual Studio Solution File, Format Version 12.00
# Visual Studio 2013
VisualStudioVersion = 12.0.31101.0
MinimumVisualStudioVersion = 10.0.40219.1
Project("{FAE04EC0-301F-11D3-BF4B-00C04F79EFBC}") = "Service.Contracts", "Service.Contracts\Service.Contracts.csproj", "{3C4FF540-2DD8-4870-A326-F228E150C4BA}"
EndProject
Project("{2150E333-8FDC-42A3-9474-1A3956D46DE8}") = ".nuget", ".nuget", "{CBFC0CD3-5BFF-4356-8FFC-E840962134A0}"
	ProjectSection(SolutionItems) = preProject
		.nuget\packages.config = .nuget\packages.config
	EndProjectSection
EndProject
Project("{FAE04EC0-301F-11D3-BF4B-00C04F79EFBC}") = "Server", "Server\Server.csproj", "{B26B801B-B5EA-44C1-8E85-CFD8576B94BF}"
EndProject
Project("{FAE04EC0-301F-11D3-BF4B-00C04F79EFBC}") = "Client", "Client\Client.csproj", "{94697D28-C7A7-4D1A-A4FD-3AE85563AFFC}"
EndProject
Project("{FAE04EC0-301F-11D3-BF4B-00C04F79EFBC}") = "Client.UI", "Client.UI\Client.UI.csproj", "{95A09C52-F4A0-487A-8299-D40DAC28B57D}"
EndProject
Global
	GlobalSection(SolutionConfigurationPlatforms) = preSolution
		Debug|Any CPU = Debug|Any CPU
		Release|Any CPU = Release|Any CPU
	EndGlobalSection
	GlobalSection(ProjectConfigurationPlatforms) = postSolution
		{3C4FF540-2DD8-4870-A326-F228E150C4BA}.Debug|Any CPU.ActiveCfg = Debug|Any CPU
		{3C4FF540-2DD8-4870-A326-F228E150C4BA}.Debug|Any CPU.Build.0 = Debug|Any CPU
		{3C4FF540-2DD8-4870-A326-F228E150C4BA}.Release|Any CPU.ActiveCfg = Release|Any CPU
		{3C4FF540-2DD8-4870-A326-F228E150C4BA}.Release|Any CPU.Build.0 = Release|Any CPU
		{B26B801B-B5EA-44C1-8E85-CFD8576B94BF}.Debug|Any CPU.ActiveCfg = Debug|Any CPU
		{B26B801B-B5EA-44C1-8E85-CFD8576B94BF}.Debug|Any CPU.Build.0 = Debug|Any CPU
		{B26B801B-B5EA-44C1-8E85-CFD8576B94BF}.Release|Any CPU.ActiveCfg = Release|Any CPU
		{B26B801B-B5EA-44C1-8E85-CFD8576B94BF}.Release|Any CPU.Build.0 = Release|Any CPU
		{94697D28-C7A7-4D1A-A4FD-3AE85563AFFC}.Debug|Any CPU.ActiveCfg = Debug|Any CPU
		{94697D28-C7A7-4D1A-A4FD-3AE85563AFFC}.Debug|Any CPU.Build.0 = Debug|Any CPU
		{94697D28-C7A7-4D1A-A4FD-3AE85563AFFC}.Release|Any CPU.ActiveCfg = Release|Any CPU
		{94697D28-C7A7-4D1A-A4FD-3AE85563AFFC}.Release|Any CPU.Build.0 = Release|Any CPU
		{95A09C52-F4A0-487A-8299-D40DAC28B57D}.Debug|Any CPU.ActiveCfg = Debug|Any CPU
		{95A09C52-F4A0-487A-8299-D40DAC28B57D}.Debug|Any CPU.Build.0 = Debug|Any CPU
		{95A09C52-F4A0-487A-8299-D40DAC28B57D}.Release|Any CPU.ActiveCfg = Release|Any CPU
		{95A09C52-F4A0-487A-8299-D40DAC28B57D}.Release|Any CPU.Build.0 = Release|Any CPU
	EndGlobalSection
	GlobalSection(SolutionProperties) = preSolution
		HideSolutionNode = FALSE
	EndGlobalSection
EndGlobal
